
Microsoft Visual Studio Solution File, Format Version 12.00
# Visual Studio Version 16
VisualStudioVersion = 16.0.31829.152
MinimumVisualStudioVersion = 10.0.40219.1
Project("{D2ABAB84-BF74-430A-B69E-9DC6D40DDA17}") = "Olap_Analyst", "Olap_Analyst.dwproj", "{1B66B20F-C38E-4759-AEC7-B161D1077625}"
EndProject
Global
	GlobalSection(SolutionConfigurationPlatforms) = preSolution
		Development|Default = Development|Default
	EndGlobalSection
	GlobalSection(ProjectConfigurationPlatforms) = postSolution
		{1B66B20F-C38E-4759-AEC7-B161D1077625}.Development|Default.ActiveCfg = Development
		{1B66B20F-C38E-4759-AEC7-B161D1077625}.Development|Default.Build.0 = Development
		{1B66B20F-C38E-4759-AEC7-B161D1077625}.Development|Default.Deploy.0 = Development
	EndGlobalSection
	GlobalSection(SolutionProperties) = preSolution
		HideSolutionNode = FALSE
	EndGlobalSection
	GlobalSection(ExtensibilityGlobals) = postSolution
		SolutionGuid = {AA73C300-868A-45C0-BEA1-894F418F12F1}
	EndGlobalSection
EndGlobal
